
Microsoft Visual Studio Solution File, Format Version 12.00
# Visual Studio Version 16
VisualStudioVersion = 16.0.31702.278
MinimumVisualStudioVersion = 10.0.40219.1
Project("{FAE04EC0-301F-11D3-BF4B-00C04F79EFBC}") = "Fixture", "Fixture.csproj", "{62DDD92D-FBA2-4429-A566-EB4E8786280C}"
EndProject
Global
	GlobalSection(SolutionConfigurationPlatforms) = preSolution
		Debug|Any CPU = Debug|Any CPU
		Release|Any CPU = Release|Any CPU
	EndGlobalSection
	GlobalSection(ProjectConfigurationPlatforms) = postSolution
		{62DDD92D-FBA2-4429-A566-EB4E8786280C}.Debug|Any CPU.ActiveCfg = Debug|Any CPU
		{62DDD92D-FBA2-4429-A566-EB4E8786280C}.Debug|Any CPU.Build.0 = Debug|Any CPU
		{62DDD92D-FBA2-4429-A566-EB4E8786280C}.Release|Any CPU.ActiveCfg = Release|Any CPU
		{62DDD92D-FBA2-4429-A566-EB4E8786280C}.Release|Any CPU.Build.0 = Release|Any CPU
	EndGlobalSection
	GlobalSection(SolutionProperties) = preSolution
		HideSolutionNode = FALSE
	EndGlobalSection
	GlobalSection(ExtensibilityGlobals) = postSolution
		SolutionGuid = {D9C9DB74-CF7F-4101-8521-03029A14E35F}
	EndGlobalSection
EndGlobal
